
Microsoft Visual Studio Solution File, Format Version 12.00
# Visual Studio Version 17
VisualStudioVersion = 17.6.33723.286
MinimumVisualStudioVersion = 10.0.40219.1
Project("{FAE04EC0-301F-11D3-BF4B-00C04F79EFBC}") = "MagicVilla_VillaAPI", "MagicVilla_VillaAPI\MagicVilla_VillaAPI.csproj", "{591B4191-6C3A-4667-9951-B9DD4E1D807F}"
EndProject
Global
	GlobalSection(SolutionConfigurationPlatforms) = preSolution
		Debug|Any CPU = Debug|Any CPU
		Release|Any CPU = Release|Any CPU
	EndGlobalSection
	GlobalSection(ProjectConfigurationPlatforms) = postSolution
		{591B4191-6C3A-4667-9951-B9DD4E1D807F}.Debug|Any CPU.ActiveCfg = Debug|Any CPU
		{591B4191-6C3A-4667-9951-B9DD4E1D807F}.Debug|Any CPU.Build.0 = Debug|Any CPU
		{591B4191-6C3A-4667-9951-B9DD4E1D807F}.Release|Any CPU.ActiveCfg = Release|Any CPU
		{591B4191-6C3A-4667-9951-B9DD4E1D807F}.Release|Any CPU.Build.0 = Release|Any CPU
	EndGlobalSection
	GlobalSection(SolutionProperties) = preSolution
		HideSolutionNode = FALSE
	EndGlobalSection
	GlobalSection(ExtensibilityGlobals) = postSolution
		SolutionGuid = {8AB3299D-A7A1-459A-800F-56DF7D5F9499}
	EndGlobalSection
EndGlobal
